
Microsoft Visual Studio Solution File, Format Version 12.00
# Visual Studio Version 17
VisualStudioVersion = 17.5.33516.290
MinimumVisualStudioVersion = 10.0.40219.1
Project("{FAE04EC0-301F-11D3-BF4B-00C04F79EFBC}") = "PortalUnicoRecaudo", "PortalUnicoRecaudo.csproj", "{ADCCADD0-4506-4BAA-B87E-E6B6C3506C98}"
EndProject
Global
	GlobalSection(SolutionConfigurationPlatforms) = preSolution
		Debug|Any CPU = Debug|Any CPU
		Release|Any CPU = Release|Any CPU
	EndGlobalSection
	GlobalSection(ProjectConfigurationPlatforms) = postSolution
		{ADCCADD0-4506-4BAA-B87E-E6B6C3506C98}.Debug|Any CPU.ActiveCfg = Debug|Any CPU
		{ADCCADD0-4506-4BAA-B87E-E6B6C3506C98}.Debug|Any CPU.Build.0 = Debug|Any CPU
		{ADCCADD0-4506-4BAA-B87E-E6B6C3506C98}.Release|Any CPU.ActiveCfg = Release|Any CPU
		{ADCCADD0-4506-4BAA-B87E-E6B6C3506C98}.Release|Any CPU.Build.0 = Release|Any CPU
	EndGlobalSection
	GlobalSection(SolutionProperties) = preSolution
		HideSolutionNode = FALSE
	EndGlobalSection
	GlobalSection(ExtensibilityGlobals) = postSolution
		SolutionGuid = {FBBAA232-D5C5-4A24-A1BC-49C8A11A0EAC}
	EndGlobalSection
EndGlobal
